// !$*UTF8*$!
{
	archiveVersion = 1;
	classes = {
	};
	objectVersion = 52;
	objects = {

/* Begin PBXBuildFile section */
		5B69328423C37C0A005C12DD /* UserData.swift in Sources */ = {isa = PBXBuildFile; fileRef = 5B69328323C37C0A005C12DD /* UserData.swift */; };
		5B69328623C37C1D005C12DD /* UserDataKeychain.swift in Sources */ = {isa = PBXBuildFile; fileRef = 5B69328523C37C1D005C12DD /* UserDataKeychain.swift */; };
		5B69328823C37C29005C12DD /* SharedWebCredential.swift in Sources */ = {isa = PBXBuildFile; fileRef = 5B69328723C37C29005C12DD /* SharedWebCredential.swift */; };
		5B69328A23C37C2C005C12DD /* Keychain.swift in Sources */ = {isa = PBXBuildFile; fileRef = 5B69328923C37C2C005C12DD /* Keychain.swift */; };
		5B74C11023C5E3B700AA6BC7 /* MainView.swift in Sources */ = {isa = PBXBuildFile; fileRef = 5B74C10F23C5E3B700AA6BC7 /* MainView.swift */; };
		5B74C11223C7210700AA6BC7 /* imagePicker.swift in Sources */ = {isa = PBXBuildFile; fileRef = 5B74C11123C7210700AA6BC7 /* imagePicker.swift */; };
		5BDF5EBC23C2230800880F61 /* AppDelegate.swift in Sources */ = {isa = PBXBuildFile; fileRef = 5BDF5EBB23C2230800880F61 /* AppDelegate.swift */; };
		5BDF5EBE23C2230800880F61 /* SceneDelegate.swift in Sources */ = {isa = PBXBuildFile; fileRef = 5BDF5EBD23C2230800880F61 /* SceneDelegate.swift */; };
		5BDF5EC023C2230800880F61 /* ContentView.swift in Sources */ = {isa = PBXBuildFile; fileRef = 5BDF5EBF23C2230800880F61 /* ContentView.swift */; };
		5BDF5EC223C2230800880F61 /* Assets.xcassets in Resources */ = {isa = PBXBuildFile; fileRef = 5BDF5EC123C2230800880F61 /* Assets.xcassets */; };
		5BDF5EC523C2230800880F61 /* Preview Assets.xcassets in Resources */ = {isa = PBXBuildFile; fileRef = 5BDF5EC423C2230800880F61 /* Preview Assets.xcassets */; };
		5BDF5EC823C2230800880F61 /* LaunchScreen.storyboard in Resources */ = {isa = PBXBuildFile; fileRef = 5BDF5EC623C2230800880F61 /* LaunchScreen.storyboard */; };
		5BDF5ED323C2230800880F61 /* digystarTests.swift in Sources */ = {isa = PBXBuildFile; fileRef = 5BDF5ED223C2230800880F61 /* digystarTests.swift */; };
		5BDF5EDE23C2230800880F61 /* digystarUITests.swift in Sources */ = {isa = PBXBuildFile; fileRef = 5BDF5EDD23C2230800880F61 /* digystarUITests.swift */; };
		5BDF5EEE23C3584500880F61 /* SignInWithApple.swift in Sources */ = {isa = PBXBuildFile; fileRef = 5BDF5EED23C3584500880F61 /* SignInWithApple.swift */; };
		5BDF5EF323C35A3900880F61 /* UserAndPassword.swift in Sources */ = {isa = PBXBuildFile; fileRef = 5BDF5EEF23C35A3800880F61 /* UserAndPassword.swift */; };
		5BDF5EF423C35A3900880F61 /* SignInWithAppleDelegates.swift in Sources */ = {isa = PBXBuildFile; fileRef = 5BDF5EF023C35A3900880F61 /* SignInWithAppleDelegates.swift */; };
		5BDF5EF523C35A3900880F61 /* WebApi.swift in Sources */ = {isa = PBXBuildFile; fileRef = 5BDF5EF123C35A3900880F61 /* WebApi.swift */; };
		5BDF5EF623C35A3900880F61 /* EnvironmentWindowKey.swift in Sources */ = {isa = PBXBuildFile; fileRef = 5BDF5EF223C35A3900880F61 /* EnvironmentWindowKey.swift */; };
		5BDF5EF823C35F9200880F61 /* CredentialStorage in Resources */ = {isa = PBXBuildFile; fileRef = 5BDF5EF723C35F9200880F61 /* CredentialStorage */; };
/* End PBXBuildFile section */

/* Begin PBXContainerItemProxy section */
		5BDF5ECF23C2230800880F61 /* PBXContainerItemProxy */ = {
			isa = PBXContainerItemProxy;
			containerPortal = 5BDF5EB023C2230800880F61 /* Project object */;
			proxyType = 1;
			remoteGlobalIDString = 5BDF5EB723C2230800880F61;
			remoteInfo = digystar;
		};
		5BDF5EDA23C2230800880F61 /* PBXContainerItemProxy */ = {
			isa = PBXContainerItemProxy;
			containerPortal = 5BDF5EB023C2230800880F61 /* Project object */;
			proxyType = 1;
			remoteGlobalIDString = 5BDF5EB723C2230800880F61;
			remoteInfo = digystar;
		};
/* End PBXContainerItemProxy section */

/* Begin PBXFileReference section */
		5B69328323C37C0A005C12DD /* UserData.swift */ = {isa = PBXFileReference; fileEncoding = 4; lastKnownFileType = sourcecode.swift; name = UserData.swift; path = ../../../../Downloads/SignInWithApple/final/SignInWithApple/CredentialStorage/UserData.swift; sourceTree = "<group>"; };
		5B69328523C37C1D005C12DD /* UserDataKeychain.swift */ = {isa = PBXFileReference; fileEncoding = 4; lastKnownFileType = sourcecode.swift; name = UserDataKeychain.swift; path = ../../../../Downloads/SignInWithApple/final/SignInWithApple/CredentialStorage/UserDataKeychain.swift; sourceTree = "<group>"; };
		5B69328723C37C29005C12DD /* SharedWebCredential.swift */ = {isa = PBXFileReference; fileEncoding = 4; lastKnownFileType = sourcecode.swift; name = SharedWebCredential.swift; path = ../../../../Downloads/SignInWithApple/final/SignInWithApple/CredentialStorage/SharedWebCredential.swift; sourceTree = "<group>"; };
		5B69328923C37C2C005C12DD /* Keychain.swift */ = {isa = PBXFileReference; fileEncoding = 4; lastKnownFileType = sourcecode.swift; name = Keychain.swift; path = ../../../../Downloads/SignInWithApple/final/SignInWithApple/CredentialStorage/Keychain.swift; sourceTree = "<group>"; };
		5B74C10F23C5E3B700AA6BC7 /* MainView.swift */ = {isa = PBXFileReference; lastKnownFileType = sourcecode.swift; path = MainView.swift; sourceTree = "<group>"; };
		5B74C11123C7210700AA6BC7 /* imagePicker.swift */ = {isa = PBXFileReference; lastKnownFileType = sourcecode.swift; path = imagePicker.swift; sourceTree = "<group>"; };
		5BDF5EB823C2230800880F61 /* digystar.app */ = {isa = PBXFileReference; explicitFileType = wrapper.application; includeInIndex = 0; path = digystar.app; sourceTree = BUILT_PRODUCTS_DIR; };
		5BDF5EBB23C2230800880F61 /* AppDelegate.swift */ = {isa = PBXFileReference; lastKnownFileType = sourcecode.swift; path = AppDelegate.swift; sourceTree = "<group>"; };
		5BDF5EBD23C2230800880F61 /* SceneDelegate.swift */ = {isa = PBXFileReference; lastKnownFileType = sourcecode.swift; path = SceneDelegate.swift; sourceTree = "<group>"; };
		5BDF5EBF23C2230800880F61 /* ContentView.swift */ = {isa = PBXFileReference; lastKnownFileType = sourcecode.swift; path = ContentView.swift; sourceTree = "<group>"; };
		5BDF5EC123C2230800880F61 /* Assets.xcassets */ = {isa = PBXFileReference; lastKnownFileType = folder.assetcatalog; path = Assets.xcassets; sourceTree = "<group>"; };
		5BDF5EC423C2230800880F61 /* Preview Assets.xcassets */ = {isa = PBXFileReference; lastKnownFileType = folder.assetcatalog; path = "Preview Assets.xcassets"; sourceTree = "<group>"; };
		5BDF5EC723C2230800880F61 /* Base */ = {isa = PBXFileReference; lastKnownFileType = file.storyboard; name = Base; path = Base.lproj/LaunchScreen.storyboard; sourceTree = "<group>"; };
		5BDF5EC923C2230800880F61 /* Info.plist */ = {isa = PBXFileReference; lastKnownFileType = text.plist.xml; path = Info.plist; sourceTree = "<group>"; };
		5BDF5ECE23C2230800880F61 /* digystarTests.xctest */ = {isa = PBXFileReference; explicitFileType = wrapper.cfbundle; includeInIndex = 0; path = digystarTests.xctest; sourceTree = BUILT_PRODUCTS_DIR; };
		5BDF5ED223C2230800880F61 /* digystarTests.swift */ = {isa = PBXFileReference; lastKnownFileType = sourcecode.swift; path = digystarTests.swift; sourceTree = "<group>"; };
		5BDF5ED423C2230800880F61 /* Info.plist */ = {isa = PBXFileReference; lastKnownFileType = text.plist.xml; path = Info.plist; sourceTree = "<group>"; };
		5BDF5ED923C2230800880F61 /* digystarUITests.xctest */ = {isa = PBXFileReference; explicitFileType = wrapper.cfbundle; includeInIndex = 0; path = digystarUITests.xctest; sourceTree = BUILT_PRODUCTS_DIR; };
		5BDF5EDD23C2230800880F61 /* digystarUITests.swift */ = {isa = PBXFileReference; lastKnownFileType = sourcecode.swift; path = digystarUITests.swift; sourceTree = "<group>"; };
		5BDF5EDF23C2230800880F61 /* Info.plist */ = {isa = PBXFileReference; lastKnownFileType = text.plist.xml; path = Info.plist; sourceTree = "<group>"; };
		5BDF5EEB23C2231E00880F61 /* digystarDebug.entitlements */ = {isa = PBXFileReference; lastKnownFileType = text.plist.entitlements; path = digystarDebug.entitlements; sourceTree = "<group>"; };
		5BDF5EEC23C253E300880F61 /* digystar.entitlements */ = {isa = PBXFileReference; lastKnownFileType = text.plist.entitlements; path = digystar.entitlements; sourceTree = "<group>"; };
		5BDF5EED23C3584500880F61 /* SignInWithApple.swift */ = {isa = PBXFileReference; lastKnownFileType = sourcecode.swift; path = SignInWithApple.swift; sourceTree = "<group>"; };
		5BDF5EEF23C35A3800880F61 /* UserAndPassword.swift */ = {isa = PBXFileReference; fileEncoding = 4; lastKnownFileType = sourcecode.swift; name = UserAndPassword.swift; path = ../../../../Downloads/SignInWithApple/final/SignInWithApple/UserAndPassword.swift; sourceTree = "<group>"; };
		5BDF5EF023C35A3900880F61 /* SignInWithAppleDelegates.swift */ = {isa = PBXFileReference; fileEncoding = 4; lastKnownFileType = sourcecode.swift; name = SignInWithAppleDelegates.swift; path = ../../../../Downloads/SignInWithApple/final/SignInWithApple/SignInWithAppleDelegates.swift; sourceTree = "<group>"; };
		5BDF5EF123C35A3900880F61 /* WebApi.swift */ = {isa = PBXFileReference; fileEncoding = 4; lastKnownFileType = sourcecode.swift; name = WebApi.swift; path = ../../../../Downloads/SignInWithApple/final/SignInWithApple/WebApi.swift; sourceTree = "<group>"; };
		5BDF5EF223C35A3900880F61 /* EnvironmentWindowKey.swift */ = {isa = PBXFileReference; fileEncoding = 4; lastKnownFileType = sourcecode.swift; name = EnvironmentWindowKey.swift; path = ../../../../Downloads/SignInWithApple/final/SignInWithApple/EnvironmentWindowKey.swift; sourceTree = "<group>"; };
		5BDF5EF723C35F9200880F61 /* CredentialStorage */ = {isa = PBXFileReference; lastKnownFileType = folder; name = CredentialStorage; path = ../../../../Downloads/SignInWithApple/final/SignInWithApple/CredentialStorage; sourceTree = "<group>"; };
/* End PBXFileReference section */

/* Begin PBXFrameworksBuildPhase section */
		5BDF5EB523C2230800880F61 /* Frameworks */ = {
			isa = PBXFrameworksBuildPhase;
			buildActionMask = 2147483647;
			files = (
			);
			runOnlyForDeploymentPostprocessing = 0;
		};
		5BDF5ECB23C2230800880F61 /* Frameworks */ = {
			isa = PBXFrameworksBuildPhase;
			buildActionMask = 2147483647;
			files = (
			);
			runOnlyForDeploymentPostprocessing = 0;
		};
		5BDF5ED623C2230800880F61 /* Frameworks */ = {
			isa = PBXFrameworksBuildPhase;
			buildActionMask = 2147483647;
			files = (
			);
			runOnlyForDeploymentPostprocessing = 0;
		};
/* End PBXFrameworksBuildPhase section */

/* Begin PBXGroup section */
		5BDF5EAF23C2230800880F61 = {
			isa = PBXGroup;
			children = (
				5BDF5EBA23C2230800880F61 /* digystar */,
				5BDF5ED123C2230800880F61 /* digystarTests */,
				5BDF5EDC23C2230800880F61 /* digystarUITests */,
				5BDF5EB923C2230800880F61 /* Products */,
			);
			sourceTree = "<group>";
		};
		5BDF5EB923C2230800880F61 /* Products */ = {
			isa = PBXGroup;
			children = (
				5BDF5EB823C2230800880F61 /* digystar.app */,
				5BDF5ECE23C2230800880F61 /* digystarTests.xctest */,
				5BDF5ED923C2230800880F61 /* digystarUITests.xctest */,
			);
			name = Products;
			sourceTree = "<group>";
		};
		5BDF5EBA23C2230800880F61 /* digystar */ = {
			isa = PBXGroup;
			children = (
				5BDF5EEC23C253E300880F61 /* digystar.entitlements */,
				5BDF5EEB23C2231E00880F61 /* digystarDebug.entitlements */,
				5BDF5EF223C35A3900880F61 /* EnvironmentWindowKey.swift */,
				5BDF5EF023C35A3900880F61 /* SignInWithAppleDelegates.swift */,
				5BDF5EF723C35F9200880F61 /* CredentialStorage */,
				5BDF5EEF23C35A3800880F61 /* UserAndPassword.swift */,
				5BDF5EF123C35A3900880F61 /* WebApi.swift */,
				5B69328923C37C2C005C12DD /* Keychain.swift */,
				5B69328523C37C1D005C12DD /* UserDataKeychain.swift */,
				5B69328323C37C0A005C12DD /* UserData.swift */,
				5BDF5EBB23C2230800880F61 /* AppDelegate.swift */,
				5B69328723C37C29005C12DD /* SharedWebCredential.swift */,
				5B74C10F23C5E3B700AA6BC7 /* MainView.swift */,
				5B74C11123C7210700AA6BC7 /* imagePicker.swift */,
				5BDF5EBD23C2230800880F61 /* SceneDelegate.swift */,
				5BDF5EBF23C2230800880F61 /* ContentView.swift */,
				5BDF5EC123C2230800880F61 /* Assets.xcassets */,
				5BDF5EC623C2230800880F61 /* LaunchScreen.storyboard */,
				5BDF5EC923C2230800880F61 /* Info.plist */,
				5BDF5EC323C2230800880F61 /* Preview Content */,
				5BDF5EED23C3584500880F61 /* SignInWithApple.swift */,
			);
			path = digystar;
			sourceTree = "<group>";
		};
		5BDF5EC323C2230800880F61 /* Preview Content */ = {
			isa = PBXGroup;
			children = (
				5BDF5EC423C2230800880F61 /* Preview Assets.xcassets */,
			);
			path = "Preview Content";
			sourceTree = "<group>";
		};
		5BDF5ED123C2230800880F61 /* digystarTests */ = {
			isa = PBXGroup;
			children = (
				5BDF5ED223C2230800880F61 /* digystarTests.swift */,
				5BDF5ED423C2230800880F61 /* Info.plist */,
			);
			path = digystarTests;
			sourceTree = "<group>";
		};
		5BDF5EDC23C2230800880F61 /* digystarUITests */ = {
			isa = PBXGroup;
			children = (
				5BDF5EDD23C2230800880F61 /* digystarUITests.swift */,
				5BDF5EDF23C2230800880F61 /* Info.plist */,
			);
			path = digystarUITests;
			sourceTree = "<group>";
		};
/* End PBXGroup section */

/* Begin PBXNativeTarget section */
		5BDF5EB723C2230800880F61 /* digystar */ = {
			isa = PBXNativeTarget;
			buildConfigurationList = 5BDF5EE223C2230800880F61 /* Build configuration list for PBXNativeTarget "digystar" */;
			buildPhases = (
				5BDF5EB423C2230800880F61 /* Sources */,
				5BDF5EB523C2230800880F61 /* Frameworks */,
				5BDF5EB623C2230800880F61 /* Resources */,
			);
			buildRules = (
			);
			dependencies = (
			);
			name = digystar;
			productName = digystar;
			productReference = 5BDF5EB823C2230800880F61 /* digystar.app */;
			productType = "com.apple.product-type.application";
		};
		5BDF5ECD23C2230800880F61 /* digystarTests */ = {
			isa = PBXNativeTarget;
			buildConfigurationList = 5BDF5EE523C2230800880F61 /* Build configuration list for PBXNativeTarget "digystarTests" */;
			buildPhases = (
				5BDF5ECA23C2230800880F61 /* Sources */,
				5BDF5ECB23C2230800880F61 /* Frameworks */,
				5BDF5ECC23C2230800880F61 /* Resources */,
			);
			buildRules = (
			);
			dependencies = (
				5BDF5ED023C2230800880F61 /* PBXTargetDependency */,
			);
			name = digystarTests;
			productName = digystarTests;
			productReference = 5BDF5ECE23C2230800880F61 /* digystarTests.xctest */;
			productType = "com.apple.product-type.bundle.unit-test";
		};
		5BDF5ED823C2230800880F61 /* digystarUITests */ = {
			isa = PBXNativeTarget;
			buildConfigurationList = 5BDF5EE823C2230800880F61 /* Build configuration list for PBXNativeTarget "digystarUITests" */;
			buildPhases = (
				5BDF5ED523C2230800880F61 /* Sources */,
				5BDF5ED623C2230800880F61 /* Frameworks */,
				5BDF5ED723C2230800880F61 /* Resources */,
			);
			buildRules = (
			);
			dependencies = (
				5BDF5EDB23C2230800880F61 /* PBXTargetDependency */,
			);
			name = digystarUITests;
			productName = digystarUITests;
			productReference = 5BDF5ED923C2230800880F61 /* digystarUITests.xctest */;
			productType = "com.apple.product-type.bundle.ui-testing";
		};
/* End PBXNativeTarget section */

/* Begin PBXProject section */
		5BDF5EB023C2230800880F61 /* Project object */ = {
			isa = PBXProject;
			attributes = {
				LastSwiftUpdateCheck = 1130;
				LastUpgradeCheck = 1130;
				ORGANIZATIONNAME = digystar;
				TargetAttributes = {
					5BDF5EB723C2230800880F61 = {
						CreatedOnToolsVersion = 11.3;
					};
					5BDF5ECD23C2230800880F61 = {
						CreatedOnToolsVersion = 11.3;
						TestTargetID = 5BDF5EB723C2230800880F61;
					};
					5BDF5ED823C2230800880F61 = {
						CreatedOnToolsVersion = 11.3;
						TestTargetID = 5BDF5EB723C2230800880F61;
					};
				};
			};
			buildConfigurationList = 5BDF5EB323C2230800880F61 /* Build configuration list for PBXProject "digystar" */;
			compatibilityVersion = "Xcode 11.0";
			developmentRegion = en;
			hasScannedForEncodings = 0;
			knownRegions = (
				en,
				Base,
			);
			mainGroup = 5BDF5EAF23C2230800880F61;
			productRefGroup = 5BDF5EB923C2230800880F61 /* Products */;
			projectDirPath = "";
			projectRoot = "";
			targets = (
				5BDF5EB723C2230800880F61 /* digystar */,
				5BDF5ECD23C2230800880F61 /* digystarTests */,
				5BDF5ED823C2230800880F61 /* digystarUITests */,
			);
		};
/* End PBXProject section */

/* Begin PBXResourcesBuildPhase section */
		5BDF5EB623C2230800880F61 /* Resources */ = {
			isa = PBXResourcesBuildPhase;
			buildActionMask = 2147483647;
			files = (
				5BDF5EC823C2230800880F61 /* LaunchScreen.storyboard in Resources */,
				5BDF5EF823C35F9200880F61 /* CredentialStorage in Resources */,
				5BDF5EC523C2230800880F61 /* Preview Assets.xcassets in Resources */,
				5BDF5EC223C2230800880F61 /* Assets.xcassets in Resources */,
			);
			runOnlyForDeploymentPostprocessing = 0;
		};
		5BDF5ECC23C2230800880F61 /* Resources */ = {
			isa = PBXResourcesBuildPhase;
			buildActionMask = 2147483647;
			files = (
			);
			runOnlyForDeploymentPostprocessing = 0;
		};
		5BDF5ED723C2230800880F61 /* Resources */ = {
			isa = PBXResourcesBuildPhase;
			buildActionMask = 2147483647;
			files = (
			);
			runOnlyForDeploymentPostprocessing = 0;
		};
/* End PBXResourcesBuildPhase section */

/* Begin PBXSourcesBuildPhase section */
		5BDF5EB423C2230800880F61 /* Sources */ = {
			isa = PBXSourcesBuildPhase;
			buildActionMask = 2147483647;
			files = (
				5BDF5EBC23C2230800880F61 /* AppDelegate.swift in Sources */,
				5B74C11023C5E3B700AA6BC7 /* MainView.swift in Sources */,
				5BDF5EBE23C2230800880F61 /* SceneDelegate.swift in Sources */,
				5BDF5EEE23C3584500880F61 /* SignInWithApple.swift in Sources */,
				5B69328423C37C0A005C12DD /* UserData.swift in Sources */,
				5B74C11223C7210700AA6BC7 /* imagePicker.swift in Sources */,
				5B69328623C37C1D005C12DD /* UserDataKeychain.swift in Sources */,
				5B69328A23C37C2C005C12DD /* Keychain.swift in Sources */,
				5B69328823C37C29005C12DD /* SharedWebCredential.swift in Sources */,
				5BDF5EF623C35A3900880F61 /* EnvironmentWindowKey.swift in Sources */,
				5BDF5EC023C2230800880F61 /* ContentView.swift in Sources */,
				5BDF5EF523C35A3900880F61 /* WebApi.swift in Sources */,
				5BDF5EF323C35A3900880F61 /* UserAndPassword.swift in Sources */,
				5BDF5EF423C35A3900880F61 /* SignInWithAppleDelegates.swift in Sources */,
			);
			runOnlyForDeploymentPostprocessing = 0;
		};
		5BDF5ECA23C2230800880F61 /* Sources */ = {
			isa = PBXSourcesBuildPhase;
			buildActionMask = 2147483647;
			files = (
				5BDF5ED323C2230800880F61 /* digystarTests.swift in Sources */,
			);
			runOnlyForDeploymentPostprocessing = 0;
		};
		5BDF5ED523C2230800880F61 /* Sources */ = {
			isa = PBXSourcesBuildPhase;
			buildActionMask = 2147483647;
			files = (
				5BDF5EDE23C2230800880F61 /* digystarUITests.swift in Sources */,
			);
			runOnlyForDeploymentPostprocessing = 0;
		};
/* End PBXSourcesBuildPhase section */

/* Begin PBXTargetDependency section */
		5BDF5ED023C2230800880F61 /* PBXTargetDependency */ = {
			isa = PBXTargetDependency;
			target = 5BDF5EB723C2230800880F61 /* digystar */;
			targetProxy = 5BDF5ECF23C2230800880F61 /* PBXContainerItemProxy */;
		};
		5BDF5EDB23C2230800880F61 /* PBXTargetDependency */ = {
			isa = PBXTargetDependency;
			target = 5BDF5EB723C2230800880F61 /* digystar */;
			targetProxy = 5BDF5EDA23C2230800880F61 /* PBXContainerItemProxy */;
		};
/* End PBXTargetDependency section */

/* Begin PBXVariantGroup section */
		5BDF5EC623C2230800880F61 /* LaunchScreen.storyboard */ = {
			isa = PBXVariantGroup;
			children = (
				5BDF5EC723C2230800880F61 /* Base */,
			);
			name = LaunchScreen.storyboard;
			sourceTree = "<group>";
		};
/* End PBXVariantGroup section */

/* Begin XCBuildConfiguration section */
		5BDF5EE023C2230800880F61 /* Debug */ = {
			isa = XCBuildConfiguration;
			buildSettings = {
				ALWAYS_SEARCH_USER_PATHS = NO;
				CLANG_ANALYZER_NONNULL = YES;
				CLANG_ANALYZER_NUMBER_OBJECT_CONVERSION = YES_AGGRESSIVE;
				CLANG_CXX_LANGUAGE_STANDARD = "gnu++14";
				CLANG_CXX_LIBRARY = "libc++";
				CLANG_ENABLE_MODULES = YES;
				CLANG_ENABLE_OBJC_ARC = YES;
				CLANG_ENABLE_OBJC_WEAK = YES;
				CLANG_WARN_BLOCK_CAPTURE_AUTORELEASING = YES;
				CLANG_WARN_BOOL_CONVERSION = YES;
				CLANG_WARN_COMMA = YES;
				CLANG_WARN_CONSTANT_CONVERSION = YES;
				CLANG_WARN_DEPRECATED_OBJC_IMPLEMENTATIONS = YES;
				CLANG_WARN_DIRECT_OBJC_ISA_USAGE = YES_ERROR;
				CLANG_WARN_DOCUMENTATION_COMMENTS = YES;
				CLANG_WARN_EMPTY_BODY = YES;
				CLANG_WARN_ENUM_CONVERSION = YES;
				CLANG_WARN_INFINITE_RECURSION = YES;
				CLANG_WARN_INT_CONVERSION = YES;
				CLANG_WARN_NON_LITERAL_NULL_CONVERSION = YES;
				CLANG_WARN_OBJC_IMPLICIT_RETAIN_SELF = YES;
				CLANG_WARN_OBJC_LITERAL_CONVERSION = YES;
				CLANG_WARN_OBJC_ROOT_CLASS = YES_ERROR;
				CLANG_WARN_RANGE_LOOP_ANALYSIS = YES;
				CLANG_WARN_STRICT_PROTOTYPES = YES;
				CLANG_WARN_SUSPICIOUS_MOVE = YES;
				CLANG_WARN_UNGUARDED_AVAILABILITY = YES_AGGRESSIVE;
				CLANG_WARN_UNREACHABLE_CODE = YES;
				CLANG_WARN__DUPLICATE_METHOD_MATCH = YES;
				COPY_PHASE_STRIP = NO;
				DEBUG_INFORMATION_FORMAT = dwarf;
				ENABLE_STRICT_OBJC_MSGSEND = YES;
				ENABLE_TESTABILITY = YES;
				GCC_C_LANGUAGE_STANDARD = gnu11;
				GCC_DYNAMIC_NO_PIC = NO;
				GCC_NO_COMMON_BLOCKS = YES;
				GCC_OPTIMIZATION_LEVEL = 0;
				GCC_PREPROCESSOR_DEFINITIONS = (
					"DEBUG=1",
					"$(inherited)",
				);
				GCC_WARN_64_TO_32_BIT_CONVERSION = YES;
				GCC_WARN_ABOUT_RETURN_TYPE = YES_ERROR;
				GCC_WARN_UNDECLARED_SELECTOR = YES;
				GCC_WARN_UNINITIALIZED_AUTOS = YES_AGGRESSIVE;
				GCC_WARN_UNUSED_FUNCTION = YES;
				GCC_WARN_UNUSED_VARIABLE = YES;
				IPHONEOS_DEPLOYMENT_TARGET = 13.2;
				MTL_ENABLE_DEBUG_INFO = INCLUDE_SOURCE;
				MTL_FAST_MATH = YES;
				ONLY_ACTIVE_ARCH = YES;
				SDKROOT = iphoneos;
				SWIFT_ACTIVE_COMPILATION_CONDITIONS = DEBUG;
				SWIFT_OPTIMIZATION_LEVEL = "-Onone";
			};
			name = Debug;
		};
		5BDF5EE123C2230800880F61 /* Release */ = {
			isa = XCBuildConfiguration;
			buildSettings = {
				ALWAYS_SEARCH_USER_PATHS = NO;
				CLANG_ANALYZER_NONNULL = YES;
				CLANG_ANALYZER_NUMBER_OBJECT_CONVERSION = YES_AGGRESSIVE;
				CLANG_CXX_LANGUAGE_STANDARD = "gnu++14";
				CLANG_CXX_LIBRARY = "libc++";
				CLANG_ENABLE_MODULES = YES;
				CLANG_ENABLE_OBJC_ARC = YES;
				CLANG_ENABLE_OBJC_WEAK = YES;
				CLANG_WARN_BLOCK_CAPTURE_AUTORELEASING = YES;
				CLANG_WARN_BOOL_CONVERSION = YES;
				CLANG_WARN_COMMA = YES;
				CLANG_WARN_CONSTANT_CONVERSION = YES;
				CLANG_WARN_DEPRECATED_OBJC_IMPLEMENTATIONS = YES;
				CLANG_WARN_DIRECT_OBJC_ISA_USAGE = YES_ERROR;
				CLANG_WARN_DOCUMENTATION_COMMENTS = YES;
				CLANG_WARN_EMPTY_BODY = YES;
				CLANG_WARN_ENUM_CONVERSION = YES;
				CLANG_WARN_INFINITE_RECURSION = YES;
				CLANG_WARN_INT_CONVERSION = YES;
				CLANG_WARN_NON_LITERAL_NULL_CONVERSION = YES;
				CLANG_WARN_OBJC_IMPLICIT_RETAIN_SELF = YES;
				CLANG_WARN_OBJC_LITERAL_CONVERSION = YES;
				CLANG_WARN_OBJC_ROOT_CLASS = YES_ERROR;
				CLANG_WARN_RANGE_LOOP_ANALYSIS = YES;
				CLANG_WARN_STRICT_PROTOTYPES = YES;
				CLANG_WARN_SUSPICIOUS_MOVE = YES;
				CLANG_WARN_UNGUARDED_AVAILABILITY = YES_AGGRESSIVE;
				CLANG_WARN_UNREACHABLE_CODE = YES;
				CLANG_WARN__DUPLICATE_METHOD_MATCH = YES;
				COPY_PHASE_STRIP = NO;
				DEBUG_INFORMATION_FORMAT = "dwarf-with-dsym";
				ENABLE_NS_ASSERTIONS = NO;
				ENABLE_STRICT_OBJC_MSGSEND = YES;
				GCC_C_LANGUAGE_STANDARD = gnu11;
				GCC_NO_COMMON_BLOCKS = YES;
				GCC_WARN_64_TO_32_BIT_CONVERSION = YES;
				GCC_WARN_ABOUT_RETURN_TYPE = YES_ERROR;
				GCC_WARN_UNDECLARED_SELECTOR = YES;
				GCC_WARN_UNINITIALIZED_AUTOS = YES_AGGRESSIVE;
				GCC_WARN_UNUSED_FUNCTION = YES;
				GCC_WARN_UNUSED_VARIABLE = YES;
				IPHONEOS_DEPLOYMENT_TARGET = 13.2;
				MTL_ENABLE_DEBUG_INFO = NO;
				MTL_FAST_MATH = YES;
				SDKROOT = iphoneos;
				SWIFT_COMPILATION_MODE = wholemodule;
				SWIFT_OPTIMIZATION_LEVEL = "-O";
				VALIDATE_PRODUCT = YES;
			};
			name = Release;
		};
		5BDF5EE323C2230800880F61 /* Debug */ = {
			isa = XCBuildConfiguration;
			buildSettings = {
				ASSETCATALOG_COMPILER_APPICON_NAME = AppIcon;
				CODE_SIGN_ENTITLEMENTS = digystar/digystarDebug.entitlements;
				CODE_SIGN_STYLE = Automatic;
				DEVELOPMENT_ASSET_PATHS = "\"digystar/Preview Content\"";
				DEVELOPMENT_TEAM = 33SX3B8X57;
				ENABLE_PREVIEWS = YES;
				INFOPLIST_FILE = digystar/Info.plist;
				IPHONEOS_DEPLOYMENT_TARGET = 13.2;
				LD_RUNPATH_SEARCH_PATHS = (
					"$(inherited)",
					"@executable_path/Frameworks",
				);
				PRODUCT_BUNDLE_IDENTIFIER = com.AndresEloySanchezVargas.digystar;
				PRODUCT_NAME = "$(TARGET_NAME)";
				SWIFT_VERSION = 5.0;
				TARGETED_DEVICE_FAMILY = "1,2";
			};
			name = Debug;
		};
		5BDF5EE423C2230800880F61 /* Release */ = {
			isa = XCBuildConfiguration;
			buildSettings = {
				ASSETCATALOG_COMPILER_APPICON_NAME = AppIcon;
				CODE_SIGN_ENTITLEMENTS = digystar/digystar.entitlements;
				CODE_SIGN_STYLE = Automatic;
				DEVELOPMENT_ASSET_PATHS = "\"digystar/Preview Content\"";
				DEVELOPMENT_TEAM = 33SX3B8X57;
				ENABLE_PREVIEWS = YES;
				INFOPLIST_FILE = digystar/Info.plist;
				IPHONEOS_DEPLOYMENT_TARGET = 13.2;
				LD_RUNPATH_SEARCH_PATHS = (
					"$(inherited)",
					"@executable_path/Frameworks",
				);
				PRODUCT_BUNDLE_IDENTIFIER = com.AndresEloySanchezVargas.digystar;
				PRODUCT_NAME = "$(TARGET_NAME)";
				SWIFT_VERSION = 5.0;
				TARGETED_DEVICE_FAMILY = "1,2";
			};
			name = Release;
		};
		5BDF5EE623C2230800880F61 /* Debug */ = {
			isa = XCBuildConfiguration;
			buildSettings = {
				ALWAYS_EMBED_SWIFT_STANDARD_LIBRARIES = YES;
				BUNDLE_LOADER = "$(TEST_HOST)";
				CODE_SIGN_STYLE = Automatic;
				DEVELOPMENT_TEAM = 33SX3B8X57;
				INFOPLIST_FILE = digystarTests/Info.plist;
				IPHONEOS_DEPLOYMENT_TARGET = 13.2;
				LD_RUNPATH_SEARCH_PATHS = (
					"$(inherited)",
					"@executable_path/Frameworks",
					"@loader_path/Frameworks",
				);
				PRODUCT_BUNDLE_IDENTIFIER = com.AndresEloySanchezVargas.digystarTests;
				PRODUCT_NAME = "$(TARGET_NAME)";
				SWIFT_VERSION = 5.0;
				TARGETED_DEVICE_FAMILY = "1,2";
				TEST_HOST = "$(BUILT_PRODUCTS_DIR)/digystar.app/digystar";
			};
			name = Debug;
		};
		5BDF5EE723C2230800880F61 /* Release */ = {
			isa = XCBuildConfiguration;
			buildSettings = {
				ALWAYS_EMBED_SWIFT_STANDARD_LIBRARIES = YES;
				BUNDLE_LOADER = "$(TEST_HOST)";
				CODE_SIGN_STYLE = Automatic;
				DEVELOPMENT_TEAM = 33SX3B8X57;
				INFOPLIST_FILE = digystarTests/Info.plist;
				IPHONEOS_DEPLOYMENT_TARGET = 13.2;
				LD_RUNPATH_SEARCH_PATHS = (
					"$(inherited)",
					"@executable_path/Frameworks",
					"@loader_path/Frameworks",
				);
				PRODUCT_BUNDLE_IDENTIFIER = com.AndresEloySanchezVargas.digystarTests;
				PRODUCT_NAME = "$(TARGET_NAME)";
				SWIFT_VERSION = 5.0;
				TARGETED_DEVICE_FAMILY = "1,2";
				TEST_HOST = "$(BUILT_PRODUCTS_DIR)/digystar.app/digystar";
			};
			name = Release;
		};
		5BDF5EE923C2230800880F61 /* Debug */ = {
			isa = XCBuildConfiguration;
			buildSettings = {
				ALWAYS_EMBED_SWIFT_STANDARD_LIBRARIES = YES;
				CODE_SIGN_STYLE = Automatic;
				DEVELOPMENT_TEAM = 33SX3B8X57;
				INFOPLIST_FILE = digystarUITests/Info.plist;
				LD_RUNPATH_SEARCH_PATHS = (
					"$(inherited)",
					"@executable_path/Frameworks",
					"@loader_path/Frameworks",
				);
				PRODUCT_BUNDLE_IDENTIFIER = com.AndresEloySanchezVargas.digystarUITests;
				PRODUCT_NAME = "$(TARGET_NAME)";
				SWIFT_VERSION = 5.0;
				TARGETED_DEVICE_FAMILY = "1,2";
				TEST_TARGET_NAME = digystar;
			};
			name = Debug;
		};
		5BDF5EEA23C2230800880F61 /* Release */ = {
			isa = XCBuildConfiguration;
			buildSettings = {
				ALWAYS_EMBED_SWIFT_STANDARD_LIBRARIES = YES;
				CODE_SIGN_STYLE = Automatic;
				DEVELOPMENT_TEAM = 33SX3B8X57;
				INFOPLIST_FILE = digystarUITests/Info.plist;
				LD_RUNPATH_SEARCH_PATHS = (
					"$(inherited)",
					"@executable_path/Frameworks",
					"@loader_path/Frameworks",
				);
				PRODUCT_BUNDLE_IDENTIFIER = com.AndresEloySanchezVargas.digystarUITests;
				PRODUCT_NAME = "$(TARGET_NAME)";
				SWIFT_VERSION = 5.0;
				TARGETED_DEVICE_FAMILY = "1,2";
				TEST_TARGET_NAME = digystar;
			};
			name = Release;
		};
/* End XCBuildConfiguration section */

/* Begin XCConfigurationList section */
		5BDF5EB323C2230800880F61 /* Build configuration list for PBXProject "digystar" */ = {
			isa = XCConfigurationList;
			buildConfigurations = (
				5BDF5EE023C2230800880F61 /* Debug */,
				5BDF5EE123C2230800880F61 /* Release */,
			);
			defaultConfigurationIsVisible = 0;
			defaultConfigurationName = Release;
		};
		5BDF5EE223C2230800880F61 /* Build configuration list for PBXNativeTarget "digystar" */ = {
			isa = XCConfigurationList;
			buildConfigurations = (
				5BDF5EE323C2230800880F61 /* Debug */,
				5BDF5EE423C2230800880F61 /* Release */,
			);
			defaultConfigurationIsVisible = 0;
			defaultConfigurationName = Release;
		};
		5BDF5EE523C2230800880F61 /* Build configuration list for PBXNativeTarget "digystarTests" */ = {
			isa = XCConfigurationList;
			buildConfigurations = (
				5BDF5EE623C2230800880F61 /* Debug */,
				5BDF5EE723C2230800880F61 /* Release */,
			);
			defaultConfigurationIsVisible = 0;
			defaultConfigurationName = Release;
		};
		5BDF5EE823C2230800880F61 /* Build configuration list for PBXNativeTarget "digystarUITests" */ = {
			isa = XCConfigurationList;
			buildConfigurations = (
				5BDF5EE923C2230800880F61 /* Debug */,
				5BDF5EEA23C2230800880F61 /* Release */,
			);
			defaultConfigurationIsVisible = 0;
			defaultConfigurationName = Release;
		};
/* End XCConfigurationList section */
	};
	rootObject = 5BDF5EB023C2230800880F61 /* Project object */;
}
